# @generated - this file is auto-generated by `mise lock` https://mise.jdx.dev/dev-tools/mise-lock.html

lockfile_version = 2

[[tools.bun]]
version = "1.4.2"
backend = "core:bun"
specifiers = ["1.4.2"]

[tools.bun."platforms.linux-x64"]
checksum = "sha256:36368faef7527875d5ffa52e53cd48021741f2a83eb6208a8dd64068d422a913"
url = "https://github.com/oven-sh/bun/releases/download/bun-v1.4.2/bun-linux-x64.zip"

[tools.bun."platforms.linux-x64-baseline"]
checksum = "sha256:c678040f14fe0440eb839d37cbd0ce4c051a32da72806ac97de6a6aab6bf728f"
url = "https://github.com/oven-sh/bun/releases/download/bun-v1.4.2/bun-linux-x64-baseline.zip"

[tools.bun."platforms.linux-x64-musl"]
checksum = "sha256:4835eca59d6da70f4674f5642f6e459dcadab773695b2ed9922d131057989742"
url = "https://github.com/oven-sh/bun/releases/download/bun-v1.4.2/bun-linux-x64-musl.zip"

[tools.bun."platforms.linux-x64-musl-baseline"]
checksum = "sha256:76e1db84e98f22f78de0a87e309bfbbf297732847f9720db36750646c85c8c18"
url = "https://github.com/oven-sh/bun/releases/download/bun-v1.4.2/bun-linux-x64-musl-baseline.zip"

[tools.bun."platforms.macos-arm64"]
checksum = "sha256:90987a3a16d7db556d886ac3d551e7b6d3edf0a1cf43acaed622e8676be1d12f"
url = "https://github.com/oven-sh/bun/releases/download/bun-v1.4.2/bun-darwin-aarch64.zip"

[[tools."http:qmd"]]
version = "04e4dbd8245c527a88f1a8f0bda547aef9ca81fb"
backend = "http:qmd"
specifiers = ["04e4dbd8245c527a88f1a8f0bda547aef9ca81fb"]

[tools."http:qmd".options]
strip_components = "1"

[tools."http:qmd"."platforms.linux-x64"]
checksum = "sha256:60a6b1f7063aeca9262355c3422f47db2269bdb85c00a6b2a29d7fbf94561201"
url = "https://github.com/tobi/qmd/archive/04e4dbd8245c527a88f1a8f0bda547aef9ca81fb.tar.gz"

[tools."http:qmd"."platforms.linux-x64-baseline"]
checksum = "sha256:60a6b1f7063aeca9262355c3422f47db2269bdb85c00a6b2a29d7fbf94561201"
url = "https://github.com/tobi/qmd/archive/04e4dbd8245c527a88f1a8f0bda547aef9ca81fb.tar.gz"

[tools."http:qmd"."platforms.linux-x64-musl"]
checksum = "sha256:60a6b1f7063aeca9262355c3422f47db2269bdb85c00a6b2a29d7fbf94561201"
url = "https://github.com/tobi/qmd/archive/04e4dbd8245c527a88f1a8f0bda547aef9ca81fb.tar.gz"

[tools."http:qmd"."platforms.linux-x64-musl-baseline"]
checksum = "sha256:60a6b1f7063aeca9262355c3422f47db2269bdb85c00a6b2a29d7fbf94561201"
url = "https://github.com/tobi/qmd/archive/04e4dbd8245c527a88f1a8f0bda547aef9ca81fb.tar.gz"

[tools."http:qmd"."platforms.macos-arm64"]
checksum = "sha256:60a6b1f7063aeca9262355c3422f47db2269bdb85c00a6b2a29d7fbf94561201"
url = "https://github.com/tobi/qmd/archive/04e4dbd8245c527a88f1a8f0bda547aef9ca81fb.tar.gz"

[[tools.node]]
version = "22.22.1"
backend = "core:node"
specifiers = ["22.22.1"]

[tools.node."platforms.linux-x64"]
checksum = "sha256:07c8aafa60644fb81adefa1ee7da860eb1920851ffdc9a37020ab0be47fbc10e"
url = "https://nodejs.org/dist/v22.22.1/node-v22.22.1-linux-x64.tar.gz"

[tools.node."platforms.linux-x64-baseline"]
checksum = "sha256:07c8aafa60644fb81adefa1ee7da860eb1920851ffdc9a37020ab0be47fbc10e"
url = "https://nodejs.org/dist/v22.22.1/node-v22.22.1-linux-x64.tar.gz"

[tools.node."platforms.linux-x64-musl"]
checksum = "sha256:3cf9fa47e3937e62d54d3ec861df1c1f1599962a5d8365d4b86ce3f425b3326a"
url = "https://unofficial-builds.nodejs.org/download/release/v22.22.1/node-v22.22.1-linux-x64-musl.tar.gz"

[tools.node."platforms.linux-x64-musl-baseline"]
checksum = "sha256:3cf9fa47e3937e62d54d3ec861df1c1f1599962a5d8365d4b86ce3f425b3326a"
url = "https://unofficial-builds.nodejs.org/download/release/v22.22.1/node-v22.22.1-linux-x64-musl.tar.gz"

[tools.node."platforms.macos-arm64"]
checksum = "sha256:679ad4966339e4ef4900f57996714864e4211b898825bb840c3086c419fbcef2"
url = "https://nodejs.org/dist/v22.22.1/node-v22.22.1-darwin-arm64.tar.gz"

[[tools.node]]
version = "24.21.0"
backend = "core:node"
specifiers = ["24.21.0"]

[tools.node."platforms.linux-x64"]
checksum = "sha256:6e1db87ef58b8819e5d5402eff1536491b18edd8eb7bee5ef7897876e88dc5ff"
url = "https://nodejs.org/dist/v24.21.0/node-v24.21.0-linux-x64.tar.gz"

[tools.node."platforms.linux-x64-baseline"]
checksum = "sha256:6e1db87ef58b8819e5d5402eff1536491b18edd8eb7bee5ef7897876e88dc5ff"
url = "https://nodejs.org/dist/v24.21.0/node-v24.21.0-linux-x64.tar.gz"

[tools.node."platforms.linux-x64-musl"]
checksum = "sha256:01a713e34da98e7b4d2a3191ee7ca3f93dd0384d1a2ef23c379b2161ee6e133a"
url = "https://unofficial-builds.nodejs.org/download/release/v24.21.0/node-v24.21.0-linux-x64-musl.tar.gz"

[tools.node."platforms.linux-x64-musl-baseline"]
checksum = "sha256:01a713e34da98e7b4d2a3191ee7ca3f93dd0384d1a2ef23c379b2161ee6e133a"
url = "https://unofficial-builds.nodejs.org/download/release/v24.21.0/node-v24.21.0-linux-x64-musl.tar.gz"

[tools.node."platforms.macos-arm64"]
checksum = "sha256:bed7eea5325e1108f32ce5228ddd6a5f0f08a499ee42aa7442aea583702f6057"
url = "https://nodejs.org/dist/v24.21.0/node-v24.21.0-darwin-arm64.tar.gz"
